
Microsoft Visual Studio Solution File, Format Version 12.00
# Visual Studio Version 17
VisualStudioVersion = 17.6.33712.159
MinimumVisualStudioVersion = 10.0.40219.1
Project("{9A19103F-16F7-4668-BE54-9A1E7A4F7556}") = "FastLane.Chatbot.Application", "FastLane.Chatbot.Application\FastLane.Chatbot.Application.csproj", "{9A8A9CD0-9882-42E6-8E13-162BD82A9D54}"
EndProject
Project("{9A19103F-16F7-4668-BE54-9A1E7A4F7556}") = "FastLane.Chatbot.WhatsApp", "FastLane.Chatbot.WhatsApp\FastLane.Chatbot.WhatsApp.csproj", "{61D52F24-B64F-452C-906F-1301B1B31CCB}"
EndProject
Project("{9A19103F-16F7-4668-BE54-9A1E7A4F7556}") = "FastLane.Chatbot.Browser", "FastLane.Chatbot.Browser\FastLane.Chatbot.Browser.csproj", "{21EB5C93-77DB-43BF-8617-A0C6BB73E643}"
EndProject
Project("{2150E333-8FDC-42A3-9474-1A3956D46DE8}") = "Solution Items", "Solution Items", "{7DD80882-0AE1-43D2-BB69-5DFCF275C309}"
	ProjectSection(SolutionItems) = preProject
		.editorconfig = .editorconfig
	EndProjectSection
EndProject
Project("{9A19103F-16F7-4668-BE54-9A1E7A4F7556}") = "FastLane.Chatbot.Contract", "FastLane.Chatbot.Contract\FastLane.Chatbot.Contract.csproj", "{8D6F6625-CE5C-4138-905E-D183CE3D1C28}"
EndProject
Project("{9A19103F-16F7-4668-BE54-9A1E7A4F7556}") = "FastLane.Chatbot.Facebook", "FastLane.Chatbot.Facebook\FastLane.Chatbot.Facebook.csproj", "{46072731-2F4E-4C9F-A02C-0F0E310805F0}"
EndProject
Project("{9A19103F-16F7-4668-BE54-9A1E7A4F7556}") = "FastLane.Chatbot.TikTok", "FastLane.Chatbot.TikTok\FastLane.Chatbot.TikTok.csproj", "{1D5DB287-D751-4281-953B-A4F095E4E34D}"
EndProject
Project("{9A19103F-16F7-4668-BE54-9A1E7A4F7556}") = "FastLane.Chatbot.Instagram", "FastLane.Chatbot.Instagram\FastLane.Chatbot.Instagram.csproj", "{B9C2EED1-5259-4A54-AD28-DC67122CB25A}"
EndProject
Project("{9A19103F-16F7-4668-BE54-9A1E7A4F7556}") = "FastLane.Chatbot.TwitterX", "FastLane.Chatbot.TwitterX\FastLane.Chatbot.TwitterX.csproj", "{DDFD59C9-88DC-4156-9C9B-517F661C6EE1}"
EndProject
Project("{9A19103F-16F7-4668-BE54-9A1E7A4F7556}") = "FastLane.Chatbot.WhatsAppNodeJsClient", "FastLane.Chatbot.WhatsAppNodeJsClient\FastLane.Chatbot.WhatsAppNodeJsClient.csproj", "{E878A3A4-5192-4B72-93C6-4F79051ACF31}"
EndProject
Project("{9092AA53-FB77-4645-B42D-1CCCA6BD08BD}") = "FastLane.ChatBot.WhatsAppNodeJs", "FastLane.ChatBot.WhatsAppNodeJs\FastLane.ChatBot.WhatsAppNodeJs.njsproj", "{CAC308B3-98EA-4DBD-B0FD-653C6EBBCF11}"
EndProject
Global
	GlobalSection(SolutionConfigurationPlatforms) = preSolution
		Debug|Any CPU = Debug|Any CPU
		Release|Any CPU = Release|Any CPU
	EndGlobalSection
	GlobalSection(ProjectConfigurationPlatforms) = postSolution
		{9A8A9CD0-9882-42E6-8E13-162BD82A9D54}.Debug|Any CPU.ActiveCfg = Debug|Any CPU
		{9A8A9CD0-9882-42E6-8E13-162BD82A9D54}.Debug|Any CPU.Build.0 = Debug|Any CPU
		{9A8A9CD0-9882-42E6-8E13-162BD82A9D54}.Release|Any CPU.ActiveCfg = Release|Any CPU
		{9A8A9CD0-9882-42E6-8E13-162BD82A9D54}.Release|Any CPU.Build.0 = Release|Any CPU
		{61D52F24-B64F-452C-906F-1301B1B31CCB}.Debug|Any CPU.ActiveCfg = Debug|Any CPU
		{61D52F24-B64F-452C-906F-1301B1B31CCB}.Debug|Any CPU.Build.0 = Debug|Any CPU
		{61D52F24-B64F-452C-906F-1301B1B31CCB}.Release|Any CPU.ActiveCfg = Release|Any CPU
		{61D52F24-B64F-452C-906F-1301B1B31CCB}.Release|Any CPU.Build.0 = Release|Any CPU
		{21EB5C93-77DB-43BF-8617-A0C6BB73E643}.Debug|Any CPU.ActiveCfg = Debug|Any CPU
		{21EB5C93-77DB-43BF-8617-A0C6BB73E643}.Debug|Any CPU.Build.0 = Debug|Any CPU
		{21EB5C93-77DB-43BF-8617-A0C6BB73E643}.Release|Any CPU.ActiveCfg = Release|Any CPU
		{21EB5C93-77DB-43BF-8617-A0C6BB73E643}.Release|Any CPU.Build.0 = Release|Any CPU
		{8D6F6625-CE5C-4138-905E-D183CE3D1C28}.Debug|Any CPU.ActiveCfg = Debug|Any CPU
		{8D6F6625-CE5C-4138-905E-D183CE3D1C28}.Debug|Any CPU.Build.0 = Debug|Any CPU
		{8D6F6625-CE5C-4138-905E-D183CE3D1C28}.Release|Any CPU.ActiveCfg = Release|Any CPU
		{8D6F6625-CE5C-4138-905E-D183CE3D1C28}.Release|Any CPU.Build.0 = Release|Any CPU
		{46072731-2F4E-4C9F-A02C-0F0E310805F0}.Debug|Any CPU.ActiveCfg = Debug|Any CPU
		{46072731-2F4E-4C9F-A02C-0F0E310805F0}.Debug|Any CPU.Build.0 = Debug|Any CPU
		{46072731-2F4E-4C9F-A02C-0F0E310805F0}.Release|Any CPU.ActiveCfg = Release|Any CPU
		{46072731-2F4E-4C9F-A02C-0F0E310805F0}.Release|Any CPU.Build.0 = Release|Any CPU
		{1D5DB287-D751-4281-953B-A4F095E4E34D}.Debug|Any CPU.ActiveCfg = Debug|Any CPU
		{1D5DB287-D751-4281-953B-A4F095E4E34D}.Debug|Any CPU.Build.0 = Debug|Any CPU
		{1D5DB287-D751-4281-953B-A4F095E4E34D}.Release|Any CPU.ActiveCfg = Release|Any CPU
		{1D5DB287-D751-4281-953B-A4F095E4E34D}.Release|Any CPU.Build.0 = Release|Any CPU
		{B9C2EED1-5259-4A54-AD28-DC67122CB25A}.Debug|Any CPU.ActiveCfg = Debug|Any CPU
		{B9C2EED1-5259-4A54-AD28-DC67122CB25A}.Debug|Any CPU.Build.0 = Debug|Any CPU
		{B9C2EED1-5259-4A54-AD28-DC67122CB25A}.Release|Any CPU.ActiveCfg = Release|Any CPU
		{B9C2EED1-5259-4A54-AD28-DC67122CB25A}.Release|Any CPU.Build.0 = Release|Any CPU
		{DDFD59C9-88DC-4156-9C9B-517F661C6EE1}.Debug|Any CPU.ActiveCfg = Debug|Any CPU
		{DDFD59C9-88DC-4156-9C9B-517F661C6EE1}.Debug|Any CPU.Build.0 = Debug|Any CPU
		{DDFD59C9-88DC-4156-9C9B-517F661C6EE1}.Release|Any CPU.ActiveCfg = Release|Any CPU
		{DDFD59C9-88DC-4156-9C9B-517F661C6EE1}.Release|Any CPU.Build.0 = Release|Any CPU
		{E878A3A4-5192-4B72-93C6-4F79051ACF31}.Debug|Any CPU.ActiveCfg = Debug|Any CPU
		{E878A3A4-5192-4B72-93C6-4F79051ACF31}.Debug|Any CPU.Build.0 = Debug|Any CPU
		{E878A3A4-5192-4B72-93C6-4F79051ACF31}.Release|Any CPU.ActiveCfg = Release|Any CPU
		{E878A3A4-5192-4B72-93C6-4F79051ACF31}.Release|Any CPU.Build.0 = Release|Any CPU
		{CAC308B3-98EA-4DBD-B0FD-653C6EBBCF11}.Debug|Any CPU.ActiveCfg = Debug|Any CPU
		{CAC308B3-98EA-4DBD-B0FD-653C6EBBCF11}.Debug|Any CPU.Build.0 = Debug|Any CPU
		{CAC308B3-98EA-4DBD-B0FD-653C6EBBCF11}.Release|Any CPU.ActiveCfg = Release|Any CPU
		{CAC308B3-98EA-4DBD-B0FD-653C6EBBCF11}.Release|Any CPU.Build.0 = Release|Any CPU
	EndGlobalSection
	GlobalSection(SolutionProperties) = preSolution
		HideSolutionNode = FALSE
	EndGlobalSection
	GlobalSection(ExtensibilityGlobals) = postSolution
		SolutionGuid = {5F131586-63FD-465F-9182-1470F02E1C1F}
	EndGlobalSection
EndGlobal
